# THIS IS AN AUTOGENERATED FILE. DO NOT EDIT THIS FILE DIRECTLY.
# yarn lockfile v1


"@kurkle/color@^0.3.0":
  version "0.3.2"
  resolved "https://registry.yarnpkg.com/@kurkle/color/-/color-0.3.2.tgz#5acd38242e8bde4f9986e7913c8fdf49d3aa199f"
  integrity sha512-fuscdXJ9G1qb7W8VdHi+IwRqij3lBkosAm4ydQtEmbY58OzHXqQhvlxqEkoz0yssNVn38bcpRWgA9PP+OGoisw==

chart.js@^4.4.0:
  version "4.4.0"
  resolved "https://registry.yarnpkg.com/chart.js/-/chart.js-4.4.0.tgz#df843fdd9ec6bd88d7f07e2b95348d221bd2698c"
  integrity sha512-vQEj6d+z0dcsKLlQvbKIMYFHd3t8W/7L2vfJIbYcfyPcRx92CsHqECpueN8qVGNlKyDcr5wBrYAYKnfu/9Q1hQ==
  dependencies:
    "@kurkle/color" "^0.3.0"

"js-tokens@^3.0.0 || ^4.0.0":
  version "4.0.0"
  resolved "https://registry.yarnpkg.com/js-tokens/-/js-tokens-4.0.0.tgz#19203fb59991df98e3a287050d4647cdeaf32499"
  integrity sha512-RdJUflcE3cUzKiMqQgsCu06FPu9UdIJO0beYbPhHN4k6apgJtifcoCtT9bcxOpYBtpD2kCM6Sbzg4CausW/PKQ==

loose-envify@^1.4.0:
  version "1.4.0"
  resolved "https://registry.yarnpkg.com/loose-envify/-/loose-envify-1.4.0.tgz#71ee51fa7be4caec1a63839f7e682d8132d30caf"
  integrity sha512-lyuxPGr/Wfhrlem2CL/UcnUc1zcqKAImBDzukY7Y5F/yQiNdko6+fRLevlw1HgMySw7f611UIY408EtxRSoK3Q==
  dependencies:
    js-tokens "^3.0.0 || ^4.0.0"

object-assign@^4.1.1:
  version "4.1.1"
  resolved "https://registry.yarnpkg.com/object-assign/-/object-assign-4.1.1.tgz#2109adc7965887cfc05cbbd442cac8bfbb360863"
  integrity sha512-rJgTQnkUnH1sFw8yT6VSU3zD3sWmu6sZhIseY8VX+GRu3P6F7Fu+JNDoXfklElbLJSnc3FUQHVe4cU5hj+BcUg==

prop-types@^15.7.2:
  version "15.8.1"
  resolved "https://registry.yarnpkg.com/prop-types/-/prop-types-15.8.1.tgz#67d87bf1a694f48435cf332c24af10214a3140b5"
  integrity sha512-oj87CgZICdulUohogVAR7AjlC0327U4el4L6eAvOqCeudMDVU0NThNaV+b9Df4dXgSP1gXMTnPdhfe/2qDH5cg==
  dependencies:
    loose-envify "^1.4.0"
    object-assign "^4.1.1"
    react-is "^16.13.1"

react-bootstrap-icons@^1.10.2:
  version "1.10.3"
  resolved "https://registry.yarnpkg.com/react-bootstrap-icons/-/react-bootstrap-icons-1.10.3.tgz#5d64a93c7b172856b03c7d3cd5119a025b094966"
  integrity sha512-j4hSby6gT9/enhl3ybB1tfr1slZNAYXDVntcRrmVjxB3//2WwqrzpESVqKhyayYVaWpEtnwf9wgUQ03cuziwrw==
  dependencies:
    prop-types "^15.7.2"

react-chartjs-2@^5.2.0:
  version "5.2.0"
  resolved "https://registry.yarnpkg.com/react-chartjs-2/-/react-chartjs-2-5.2.0.tgz#43c1e3549071c00a1a083ecbd26c1ad34d385f5d"
  integrity sha512-98iN5aguJyVSxp5U3CblRLH67J8gkfyGNbiK3c+l1QI/G4irHMPQw44aEPmjVag+YKTyQ260NcF82GTQ3bdscA==

react-icon@^1.0.0:
  version "1.0.0"
  resolved "https://registry.yarnpkg.com/react-icon/-/react-icon-1.0.0.tgz#6038598eb07fb3e64b3e7865d271f79f3559de0b"
  integrity sha512-VzSlpBHnLanVw79mOxyq98hWDi6DlxK9qPiZ1bAK6bLurMBCaxO/jjyYUrRx9+JGLc/NbnwOmyE/W5Qglbb2QA==

react-icons@^4.11.0:
  version "4.11.0"
  resolved "https://registry.yarnpkg.com/react-icons/-/react-icons-4.11.0.tgz#4b0e31c9bfc919608095cc429c4f1846f4d66c65"
  integrity sha512-V+4khzYcE5EBk/BvcuYRq6V/osf11ODUM2J8hg2FDSswRrGvqiYUYPRy4OdrWaQOBj4NcpJfmHZLNaD+VH0TyA==

react-is@^16.13.1:
  version "16.13.1"
  resolved "https://registry.yarnpkg.com/react-is/-/react-is-16.13.1.tgz#789729a4dc36de2999dc156dd6c1d9c18cea56a4"
  integrity sha512-24e6ynE2H+OKt4kqsOvNd8kBpV65zoxbA4BVsEOB3ARVWQki/DHzaUoC5KuON/BiccDaCCTZBuOcfZs70kR8bQ==

react-sf-building-blocks@^1.0.87:
  version "1.0.87"
  resolved "https://registry.yarnpkg.com/react-sf-building-blocks/-/react-sf-building-blocks-1.0.87.tgz#e3f9acda26d3d6579567762a3b25cdf30e5f8f34"
  integrity sha512-eOCXYQq4d5CH/pJy5K5IKwGGM71lxVc6d1fiRt/BcaGRoJm2k62ZxpluhoPo2YtGwd7IEW6Cu0xEDquW60glxQ==
  dependencies:
    react-bootstrap-icons "^1.10.2"
    react-sf-themes "^1.0.23"

react-sf-themes@^1.0.23:
  version "1.0.24"
  resolved "https://registry.yarnpkg.com/react-sf-themes/-/react-sf-themes-1.0.24.tgz#28d925ddb25a6312a29db29d88537eb406687ea6"
  integrity sha512-oVV+aw5ElRTrGp/XyyiApQp9RYDLzKp6bVqDigjdLEwD8qZc/WhCVDSOVgWopMHfA3sYYSikZ1gZSjaSIqT2ZQ==

typescript@^5.2.2:
  version "5.2.2"
  resolved "https://registry.yarnpkg.com/typescript/-/typescript-5.2.2.tgz#5ebb5e5a5b75f085f22bc3f8460fba308310fa78"
  integrity sha512-mI4WrpHsbCIcwT9cF4FZvr80QUeKvsUsUvKDoR+X/7XHQH98xYD8YHZg7ANtz2GtZt/CBq2QJ0thkGJMHfqc1w==
