# THIS IS AN AUTOGENERATED FILE. DO NOT EDIT THIS FILE DIRECTLY.
# yarn lockfile v1


"@babel/runtime@^7.20.13", "@babel/runtime@^7.22.15", "@babel/runtime@^7.5.5", "@babel/runtime@^7.8.7":
  version "7.22.15"
  resolved "https://registry.yarnpkg.com/@babel/runtime/-/runtime-7.22.15.tgz#38f46494ccf6cf020bd4eed7124b425e83e523b8"
  integrity sha512-T0O+aa+4w0u06iNmapipJXMV4HoUir03hpx3/YqXXhu9xim3w+dVphjFWl1OH8NbZHw5Lbm9k45drDkgq2VNNA==
  dependencies:
    regenerator-runtime "^0.14.0"

"@floating-ui/core@^1.4.2":
  version "1.5.0"
  resolved "https://registry.yarnpkg.com/@floating-ui/core/-/core-1.5.0.tgz#5c05c60d5ae2d05101c3021c1a2a350ddc027f8c"
  integrity sha512-kK1h4m36DQ0UHGj5Ah4db7R0rHemTqqO0QLvUqi1/mUUp3LuAWbWxdxSIf/XsnH9VS6rRVPLJCncjRzUvyCLXg==
  dependencies:
    "@floating-ui/utils" "^0.1.3"

"@floating-ui/dom@^1.5.1":
  version "1.5.3"
  resolved "https://registry.yarnpkg.com/@floating-ui/dom/-/dom-1.5.3.tgz#54e50efcb432c06c23cd33de2b575102005436fa"
  integrity sha512-ClAbQnEqJAKCJOEbbLo5IUlZHkNszqhuxS4fHAVxRPXPya6Ysf2G8KypnYcOTpx6I8xcgF9bbHb6g/2KpbV8qA==
  dependencies:
    "@floating-ui/core" "^1.4.2"
    "@floating-ui/utils" "^0.1.3"

"@floating-ui/react-dom@^2.0.1":
  version "2.0.2"
  resolved "https://registry.yarnpkg.com/@floating-ui/react-dom/-/react-dom-2.0.2.tgz#fab244d64db08e6bed7be4b5fcce65315ef44d20"
  integrity sha512-5qhlDvjaLmAst/rKb3VdlCinwTF4EYMiVxuuc/HVUjs46W0zgtbMmAZ1UTsDrRTxRmUEzl92mOtWbeeXL26lSQ==
  dependencies:
    "@floating-ui/dom" "^1.5.1"

"@floating-ui/react@^0.24.8":
  version "0.24.8"
  resolved "https://registry.yarnpkg.com/@floating-ui/react/-/react-0.24.8.tgz#e079e2836990be3fce9665ab509360a5447251a1"
  integrity sha512-AuYeDoaR8jtUlUXtZ1IJ/6jtBkGnSpJXbGNzokBL87VDJ8opMq1Bgrc0szhK482ReQY6KZsMoZCVSb4xwalkBA==
  dependencies:
    "@floating-ui/react-dom" "^2.0.1"
    aria-hidden "^1.2.3"
    tabbable "^6.0.1"

"@floating-ui/utils@^0.1.3":
  version "0.1.4"
  resolved "https://registry.yarnpkg.com/@floating-ui/utils/-/utils-0.1.4.tgz#19654d1026cc410975d46445180e70a5089b3e7d"
  integrity sha512-qprfWkn82Iw821mcKofJ5Pk9wgioHicxcQMxx+5zt5GSKoqdWvgG5AxVmpmUUjzTLPVSH5auBrhI93Deayn/DA==

"@kurkle/color@^0.3.0":
  version "0.3.2"
  resolved "https://registry.yarnpkg.com/@kurkle/color/-/color-0.3.2.tgz#5acd38242e8bde4f9986e7913c8fdf49d3aa199f"
  integrity sha512-fuscdXJ9G1qb7W8VdHi+IwRqij3lBkosAm4ydQtEmbY58OzHXqQhvlxqEkoz0yssNVn38bcpRWgA9PP+OGoisw==

"@mantine/carousel@^7.0.0":
  version "7.0.0"
  resolved "https://registry.yarnpkg.com/@mantine/carousel/-/carousel-7.0.0.tgz#65674170d2ececdd5110c00441ecc443ebbce159"
  integrity sha512-3GGEBU7primkZ+MUGjQYwtqRYaf1rdr3aQ+qc5RVXKizUkwMymceS1R8T8Zo+pwQf9si2+cvf5wBx/X7nJR+lw==

"@mantine/code-highlight@^7.0.0":
  version "7.0.0"
  resolved "https://registry.yarnpkg.com/@mantine/code-highlight/-/code-highlight-7.0.0.tgz#8458ee9382777df150f1107c8ac2f1de50e90df3"
  integrity sha512-mWXc/S72Mos9vHyFV1FYAuELB+mnaleOokoIe/oibBP1B/QOUpIqEWq2VJtE0xvVwVS3xZaWCPlkpbAe5PXI+Q==
  dependencies:
    clsx "2.0.0"
    highlight.js "^11.7.0"

"@mantine/core@^7.0.0":
  version "7.0.0"
  resolved "https://registry.yarnpkg.com/@mantine/core/-/core-7.0.0.tgz#28a912ad4526b9a1554fe9821d8c4be3392088e0"
  integrity sha512-0F+AdATM6uzZyKD3YNR95EY4taYVpdnKIaEmjSNRqYnfHCK/4TcbG+srDDBXrXclyJpGg9I1TF1D5M1ePoBoNA==
  dependencies:
    "@floating-ui/react" "^0.24.8"
    clsx "2.0.0"
    react-number-format "^5.2.2"
    react-remove-scroll "^2.5.6"
    react-textarea-autosize "8.5.2"
    type-fest "^3.13.1"

"@mantine/dates@^7.0.0":
  version "7.0.0"
  resolved "https://registry.yarnpkg.com/@mantine/dates/-/dates-7.0.0.tgz#8a87b35f36af6ed26bddd68faa109f8a0f1f2b52"
  integrity sha512-X7IMLsLR3gygwrPX6hxMIKTNWy6EmULI7gbpfGkoNjr6PaP+DLvhjvTzXOA6CCdiwXvqT8x69mddBuYhEergsw==
  dependencies:
    clsx "2.0.0"

"@mantine/dropzone@^7.0.0":
  version "7.0.0"
  resolved "https://registry.yarnpkg.com/@mantine/dropzone/-/dropzone-7.0.0.tgz#8b3c4125b6716019741d01bd4049488b08641be4"
  integrity sha512-cqaJJZRKYSuGPLhPeaNKYhV9Xe3TqOmg41KmubB2/2WEHRamTDtR1nciD0M61gnHC3CSdJU+mzfHF56f0mM8uQ==
  dependencies:
    react-dropzone "14.2.3"

"@mantine/form@^7.0.0":
  version "7.0.0"
  resolved "https://registry.yarnpkg.com/@mantine/form/-/form-7.0.0.tgz#efe0bf84342aea40d5ceeb7c8c9ab987f041c38a"
  integrity sha512-gFyk622WztFQM8Nh3t/gIjpdokd3hjxxFSgFxQb08Xa7y+1MbQ/D6QVuuGt0S9eCxUokTfBCdoyPtNRyHb3O9A==
  dependencies:
    fast-deep-equal "^3.1.3"
    klona "^2.0.5"

"@mantine/hooks@^7.0.0":
  version "7.0.0"
  resolved "https://registry.yarnpkg.com/@mantine/hooks/-/hooks-7.0.0.tgz#6c0060b7b903d2d93275a0b53b29775c54201faf"
  integrity sha512-HdZ6qE15OKNA3esbO72+mRqztMcdGphL/wl/ks8N7iAlSUu7sFtgZN+IU6MfJxGc/MEN3x5dEceWG6FgwOmHOw==

"@mantine/modals@^7.0.0":
  version "7.0.0"
  resolved "https://registry.yarnpkg.com/@mantine/modals/-/modals-7.0.0.tgz#0ea5e5b874015f316bad91ec41960000b0105e00"
  integrity sha512-+H4YhXSDCVCYYzh8CYeDgaa8sBF0n4CcYtpkw8sW0JGN4hSF8YPhWiWfTabE5i3+oC7tacVVyOVqJNMBZ0vqfg==

"@mantine/notifications@^7.0.0":
  version "7.0.0"
  resolved "https://registry.yarnpkg.com/@mantine/notifications/-/notifications-7.0.0.tgz#ca6790e77fbe5db0ba128557a6f7ba3570d6e7ea"
  integrity sha512-x8N0KpQQ8N88qdlettFJl6KnhafJWG+9xKMMpgkwj2bDkphf7eqD+/8MrpTaX5htGIC4isxZNf9XiVc3GirSfg==
  dependencies:
    "@mantine/store" "7.0.0"
    react-transition-group "4.4.5"

"@mantine/nprogress@^7.0.0":
  version "7.0.0"
  resolved "https://registry.yarnpkg.com/@mantine/nprogress/-/nprogress-7.0.0.tgz#3047cd75f4053990197ae31df4432d2da4530f4a"
  integrity sha512-UOPzmQ+QoHGoIQqZLCOyk1QPCrHcAkAcvaRTEk5euB5+oSYtCCu7cKup/ggCoIfAm6/12mcpQlS8dNUfQIwwfg==
  dependencies:
    "@mantine/store" "7.0.0"

"@mantine/spotlight@^7.0.0":
  version "7.0.0"
  resolved "https://registry.yarnpkg.com/@mantine/spotlight/-/spotlight-7.0.0.tgz#c7f38fff1a80dca585cdc3186d4581bb0609482d"
  integrity sha512-MgPyYPEMMMQDG8rgfMkTrHxRep6I/rb072vsUXDJkuA4Rt0+/mdmB40hee5xwSqHjk0gdfmLNNAwHBZiE43P7g==
  dependencies:
    "@mantine/store" "7.0.0"

"@mantine/store@7.0.0":
  version "7.0.0"
  resolved "https://registry.yarnpkg.com/@mantine/store/-/store-7.0.0.tgz#5e57b8ec98531446a4afb2afdc02dd411bd8d379"
  integrity sha512-MliHi9TUe7fTLIzj3LWYEoQPkm3TbkmCUNBdynFrx0Ls+WoyNjW73RhxbiZB2KfHXs/tsYySA6mjMoSgUhkQDw==

"@mantine/tiptap@^7.0.0":
  version "7.0.0"
  resolved "https://registry.yarnpkg.com/@mantine/tiptap/-/tiptap-7.0.0.tgz#d116dcc11a609a2b51fac710eb3729c07faa7971"
  integrity sha512-Xe+chsf3H2uoM3QrYSfEyKUNByXYOtGcr4hUB95Bxu7dMHMf4ciSeDeOoKJBujsLxXU1pfmtSZLlhco4xcEzrg==

"@mui/icons-material@^5.14.9":
  version "5.14.9"
  resolved "https://registry.yarnpkg.com/@mui/icons-material/-/icons-material-5.14.9.tgz#433cf03c214ce38e1b7a6f684769491fd99c5ef5"
  integrity sha512-xTRQbDsogsJo7tY5Og8R9zbuG2q+KIPVIM6JQoKxtJlz9DPOw1u0T2fGrvwD+XAOVifQf6epNMcGCDLfJAz4Nw==
  dependencies:
    "@babel/runtime" "^7.22.15"

"@popperjs/core@^2.9.0":
  version "2.11.8"
  resolved "https://registry.yarnpkg.com/@popperjs/core/-/core-2.11.8.tgz#6b79032e760a0899cd4204710beede972a3a185f"
  integrity sha512-P1st0aksCrn9sGZhp8GMYwBnQsbvAWsZAX44oXNNvLHGqAOcoVxmjZiohstwQ7SqKnbR47akdNi+uleWD8+g6A==

"@tabler/icons-react@^2.35.0":
  version "2.35.0"
  resolved "https://registry.yarnpkg.com/@tabler/icons-react/-/icons-react-2.35.0.tgz#adb5f568b0613e1a82b039d51fca3275bb69d2ed"
  integrity sha512-jK2zgtMF2+LSjtbjYsfer+ryz72TwyJqv3MsmCfEpQwP37u01xvmTlVhJ+ox3bV+trsgjojsldVDuB05JuXLaw==
  dependencies:
    "@tabler/icons" "2.35.0"
    prop-types "^15.7.2"

"@tabler/icons@2.35.0":
  version "2.35.0"
  resolved "https://registry.yarnpkg.com/@tabler/icons/-/icons-2.35.0.tgz#77570c228a7cc76676f9be67a87713eb01e97f2c"
  integrity sha512-qW/itKdmFvfGw6mAQ+cZy+2MYTXb0XdGAVhO3obYLJEfsSPMwQRO0S9ckFk1xMQX/Tj7REC3TEmWUBWNi3/o3g==

"@tiptap/core@^2.1.11":
  version "2.1.11"
  resolved "https://registry.yarnpkg.com/@tiptap/core/-/core-2.1.11.tgz#06bbd189c6b2dffe58b1c80f848737d76fb012bd"
  integrity sha512-1W2DdjpPwfphHgQ3Qm4s5wzCnEjiXm1TeZ+6/zBl89yKURXgv8Mw1JGdj/NcImQjtDcsNn97MscACK3GKbEJBA==

"@tiptap/extension-blockquote@^2.1.11":
  version "2.1.11"
  resolved "https://registry.yarnpkg.com/@tiptap/extension-blockquote/-/extension-blockquote-2.1.11.tgz#f91729fb7f328384243c37516fab55ab2efa01a4"
  integrity sha512-IEVe3goA0rgp1G8Wm733BSRJiy71Vh2fmTCyZKWmc2A6GREVSy1X3fCvAo6pMENRObhjIoaBQUCE3p4iJYOxqg==

"@tiptap/extension-bold@^2.1.11":
  version "2.1.11"
  resolved "https://registry.yarnpkg.com/@tiptap/extension-bold/-/extension-bold-2.1.11.tgz#a890d278ba932d91081dc91b75d2b3579a276f5c"
  integrity sha512-vhdkBtvd029ufOYt2ug49Gz+RLKSczO/CCqKYBqBmpIpsifyK7M6jkgamvAQg3c/vYk0LNcKiL2dp0Jp7L+5Gw==

"@tiptap/extension-bubble-menu@^2.1.11":
  version "2.1.11"
  resolved "https://registry.yarnpkg.com/@tiptap/extension-bubble-menu/-/extension-bubble-menu-2.1.11.tgz#3cc3d8be3108932f15c36e9b00948219cc92ab0f"
  integrity sha512-WFJJpZvl9DP94Y5RQZB/THDxvDbrTo8tuhjT7yWlhseJ6zyhWmRXdutt39wfSZNFxitv/As+s7cO9aYLML/TVg==
  dependencies:
    tippy.js "^6.3.7"

"@tiptap/extension-bullet-list@^2.1.11":
  version "2.1.11"
  resolved "https://registry.yarnpkg.com/@tiptap/extension-bullet-list/-/extension-bullet-list-2.1.11.tgz#bb72bbd8b7aaeb8c03ba9575886f7c1faec8e4e5"
  integrity sha512-SOOVH2aSmdMtjWL7TTLbN72xbAFz2G5jifT4UCXb7Qx6LsyhNCyDCu0ukOW8rSosGoSdmBXxAsD9sBJ1jEOmZw==

"@tiptap/extension-code-block@^2.1.11":
  version "2.1.11"
  resolved "https://registry.yarnpkg.com/@tiptap/extension-code-block/-/extension-code-block-2.1.11.tgz#5fa34d41d87f365d6bc1f8fdf3d5da0c5182df7c"
  integrity sha512-QhmhCCWqg/5qLXpZ3sl2A0rqJqV8zMOegcxUFaqcJMOqNbsuHcRgc9C+1hWSVLbCmstB7M6sgF02QpTBOkYHxg==

"@tiptap/extension-code@^2.1.11":
  version "2.1.11"
  resolved "https://registry.yarnpkg.com/@tiptap/extension-code/-/extension-code-2.1.11.tgz#c4f8fee03a8866ea189c112e907e17ea8aaa8f74"
  integrity sha512-G0UEbMFunujy/F86yHN0/dumPLbwTis9C+6IQv1XRPNsV28U0MgxBhlPcJUgyO5lwuleePDxiBVcRv2XrysgKw==

"@tiptap/extension-document@^2.1.11":
  version "2.1.11"
  resolved "https://registry.yarnpkg.com/@tiptap/extension-document/-/extension-document-2.1.11.tgz#76782660420900acb6301a5ba69c27054139b622"
  integrity sha512-L/iLuqxvJep33ycCFNrnUhdR0VtcZyeNnqB+ZvVHzEwLoRud+LBy44lpEdBrAFsvRm3DG14m/FGYL+TfaD0vxA==

"@tiptap/extension-dropcursor@^2.1.11":
  version "2.1.11"
  resolved "https://registry.yarnpkg.com/@tiptap/extension-dropcursor/-/extension-dropcursor-2.1.11.tgz#1a23efec39c3e59c1b7eeb970ed2facdbe1f920d"
  integrity sha512-MiJepRpHlu93aInOMW8NeRCvm9VE5rL0MA9TONY/IspJFGFIqonc/01J6t33JQa3Xh/x3xAfis4nKa/UazeVJw==

"@tiptap/extension-floating-menu@^2.1.11":
  version "2.1.11"
  resolved "https://registry.yarnpkg.com/@tiptap/extension-floating-menu/-/extension-floating-menu-2.1.11.tgz#3013924727ad95a1cd484e4bc426912b63e1a444"
  integrity sha512-ExeoOQ6nT0CY0eWx6WjbG+osurXLXa7XrqIdhCAcTmzBAlGiKt8khX9qaZ+QF+BRK1r1lja2KX+5/fpLK7Dt1g==
  dependencies:
    tippy.js "^6.3.7"

"@tiptap/extension-gapcursor@^2.1.11":
  version "2.1.11"
  resolved "https://registry.yarnpkg.com/@tiptap/extension-gapcursor/-/extension-gapcursor-2.1.11.tgz#77bcd8d886405c10ddbc251186d88be752db2ec4"
  integrity sha512-P/xjyhSOVyop5XXbNtRPgrooQrSlpYblwR67ClI9FAC7uQliuOwi5VcndmEItjWWSe85kJa2IHjOS7mLYvJe8A==

"@tiptap/extension-hard-break@^2.1.11":
  version "2.1.11"
  resolved "https://registry.yarnpkg.com/@tiptap/extension-hard-break/-/extension-hard-break-2.1.11.tgz#49fd0954fab4448dd3a975f2b20340ab9c0d8b95"
  integrity sha512-qhiPe6FA0b6PPb/ITlgSnY0l9tEVmXZ9e7eSjvks12ORfqL/dofSCLtChHWvhZxugzo92xejG2hXLi6lyOLbkg==

"@tiptap/extension-heading@^2.1.11":
  version "2.1.11"
  resolved "https://registry.yarnpkg.com/@tiptap/extension-heading/-/extension-heading-2.1.11.tgz#fa9802e006a47a8d3afd652e67cde4e68afeb1d0"
  integrity sha512-QBtl0S1aDFB+F1wvTrS5iGdNUEeXp+WuTddj+L2f5EP4KqG2x7sj7e7ENMy20g/l8tbKwzd3AZZydvClH4Ybbw==

"@tiptap/extension-history@^2.1.11":
  version "2.1.11"
  resolved "https://registry.yarnpkg.com/@tiptap/extension-history/-/extension-history-2.1.11.tgz#80a6a8887c8a5a4b73f06285a273928d4c51d7b5"
  integrity sha512-88dovV2O9icmBn0IvaArFFeS6X5ts6BxZPu5VbGML8KBL8iAu+Og7RXEPdOy5e13K0K4V21fDpO3n7KdvNOAYQ==

"@tiptap/extension-horizontal-rule@^2.1.11":
  version "2.1.11"
  resolved "https://registry.yarnpkg.com/@tiptap/extension-horizontal-rule/-/extension-horizontal-rule-2.1.11.tgz#e423a2b41123ef7f8d778a1cd026e6606e7be28b"
  integrity sha512-uvHPa2YCKnDhtSBSZB3lk5U4H3wRKP0DNvVx4Y2F7MdQianVzcyOd1pZYO9BQs+lUB1aZots6doE69Zqz3mU2Q==

"@tiptap/extension-italic@^2.1.11":
  version "2.1.11"
  resolved "https://registry.yarnpkg.com/@tiptap/extension-italic/-/extension-italic-2.1.11.tgz#31b5d096e7bd15e855644a0066eb750140b1a57a"
  integrity sha512-QmDsHtnBBit/1KtQpBPxjSPjDC1mVKtoNTgsEwMWK6YAkCKOKPj7oPEqqjaNZIRMKPPzE5XCsfBoS3jtVmo+6A==

"@tiptap/extension-link@^2.1.11":
  version "2.1.11"
  resolved "https://registry.yarnpkg.com/@tiptap/extension-link/-/extension-link-2.1.11.tgz#88cb79513b5fdf1dea3dbe38af95009692734c1d"
  integrity sha512-Dn8hq4ld8br53fE4/QUZ7/y6ejY/kqAxeNhtud+OZKRs6VRn/CQd0H6A26opL+mKAK0kzrs0rh7rJPpHvahx/Q==
  dependencies:
    linkifyjs "^4.1.0"

"@tiptap/extension-list-item@^2.1.11":
  version "2.1.11"
  resolved "https://registry.yarnpkg.com/@tiptap/extension-list-item/-/extension-list-item-2.1.11.tgz#466e4d1dcad153b4e52678b08d2bf073339c2dc9"
  integrity sha512-YhwHaPGhffsFsg/zjCu1G24//j/BTRDRZbZXmMwp77m1yEqPULcWyoWrI+gUzetQxJRD/ruAucqjLtoLLfICmQ==

"@tiptap/extension-ordered-list@^2.1.11":
  version "2.1.11"
  resolved "https://registry.yarnpkg.com/@tiptap/extension-ordered-list/-/extension-ordered-list-2.1.11.tgz#19c993090bc2aca6d8fed8b9c8759dd4816f06db"
  integrity sha512-/tghfEJ5U7WFbF8xyOqRJks8KxP/lRjnroMXMglaushSMx8PYPo1dZDB/dJZw7ksy47MAaKJfKlx3gyN2CPXBQ==

"@tiptap/extension-paragraph@^2.1.11":
  version "2.1.11"
  resolved "https://registry.yarnpkg.com/@tiptap/extension-paragraph/-/extension-paragraph-2.1.11.tgz#6d0eb3d7509e1d467526f2658a147db52dd225d6"
  integrity sha512-gXMgJ2CU3X4yh1wKnb8RdbDmhITB76pH6DX0uWprmEgvzNMN3Qw+h5uBD9lgxg1WVghbCmkG9mY9J4PPbPTLxw==

"@tiptap/extension-strike@^2.1.11":
  version "2.1.11"
  resolved "https://registry.yarnpkg.com/@tiptap/extension-strike/-/extension-strike-2.1.11.tgz#738df0eebb6ab997783e01434397156601017bcb"
  integrity sha512-UnjeSVgu3bDuyjjUdWsUErRCoQKAHCzH/pAiqTEPEEdFYgZFQPBpcJICRVdlYjRmI2ZKh6d0TMUS55m7ckmwmQ==

"@tiptap/extension-text@^2.1.11":
  version "2.1.11"
  resolved "https://registry.yarnpkg.com/@tiptap/extension-text/-/extension-text-2.1.11.tgz#f67ac1a782a8ee1d30885680e52bba3ef19322f9"
  integrity sha512-Iey0EXYv9079+lbHMvZtLc6XcYfKrq++msEXuFFNHxvL0i/XzndhGf+qlDhLROLgEtDiiTqzOBBwFCGlFjbDow==

"@tiptap/react@^2.1.11":
  version "2.1.11"
  resolved "https://registry.yarnpkg.com/@tiptap/react/-/react-2.1.11.tgz#d049ebba81ad7750175da413bf13df3814f2feac"
  integrity sha512-OLU4uqMeCE/LKz/GY2P1JRykUgHJDoPROHUa1IOnVpj/1FbbBHDyurT3eomwsVzScTULbrKGwrS3ada6QAmTTA==
  dependencies:
    "@tiptap/extension-bubble-menu" "^2.1.11"
    "@tiptap/extension-floating-menu" "^2.1.11"

"@tiptap/starter-kit@^2.1.11":
  version "2.1.11"
  resolved "https://registry.yarnpkg.com/@tiptap/starter-kit/-/starter-kit-2.1.11.tgz#8874ddc14397020d98bf8fc60dc2c7c7164e2a77"
  integrity sha512-kZXwuo9yxrs1ASxluRKjXThjdcy90d7owJxnJWD7SyEwXaXYc4h+Ar1M9rP3jieCDBuRTtCgvAOKbVbhnRJ2jg==
  dependencies:
    "@tiptap/core" "^2.1.11"
    "@tiptap/extension-blockquote" "^2.1.11"
    "@tiptap/extension-bold" "^2.1.11"
    "@tiptap/extension-bullet-list" "^2.1.11"
    "@tiptap/extension-code" "^2.1.11"
    "@tiptap/extension-code-block" "^2.1.11"
    "@tiptap/extension-document" "^2.1.11"
    "@tiptap/extension-dropcursor" "^2.1.11"
    "@tiptap/extension-gapcursor" "^2.1.11"
    "@tiptap/extension-hard-break" "^2.1.11"
    "@tiptap/extension-heading" "^2.1.11"
    "@tiptap/extension-history" "^2.1.11"
    "@tiptap/extension-horizontal-rule" "^2.1.11"
    "@tiptap/extension-italic" "^2.1.11"
    "@tiptap/extension-list-item" "^2.1.11"
    "@tiptap/extension-ordered-list" "^2.1.11"
    "@tiptap/extension-paragraph" "^2.1.11"
    "@tiptap/extension-strike" "^2.1.11"
    "@tiptap/extension-text" "^2.1.11"

aria-hidden@^1.2.3:
  version "1.2.3"
  resolved "https://registry.yarnpkg.com/aria-hidden/-/aria-hidden-1.2.3.tgz#14aeb7fb692bbb72d69bebfa47279c1fd725e954"
  integrity sha512-xcLxITLe2HYa1cnYnwCjkOO1PqUHQpozB8x9AR0OgWN2woOBi5kSDVxKfd0b7sb1hw5qFeJhXm9H1nu3xSfLeQ==
  dependencies:
    tslib "^2.0.0"

attr-accept@^2.2.2:
  version "2.2.2"
  resolved "https://registry.yarnpkg.com/attr-accept/-/attr-accept-2.2.2.tgz#646613809660110749e92f2c10833b70968d929b"
  integrity sha512-7prDjvt9HmqiZ0cl5CRjtS84sEyhsHP2coDkaZKRKVfCDo9s7iw7ChVmar78Gu9pC4SoR/28wFu/G5JJhTnqEg==

chart.js@^4.4.0:
  version "4.4.0"
  resolved "https://registry.yarnpkg.com/chart.js/-/chart.js-4.4.0.tgz#df843fdd9ec6bd88d7f07e2b95348d221bd2698c"
  integrity sha512-vQEj6d+z0dcsKLlQvbKIMYFHd3t8W/7L2vfJIbYcfyPcRx92CsHqECpueN8qVGNlKyDcr5wBrYAYKnfu/9Q1hQ==
  dependencies:
    "@kurkle/color" "^0.3.0"

clsx@2.0.0:
  version "2.0.0"
  resolved "https://registry.yarnpkg.com/clsx/-/clsx-2.0.0.tgz#12658f3fd98fafe62075595a5c30e43d18f3d00b"
  integrity sha512-rQ1+kcj+ttHG0MKVGBUXwayCCF1oh39BF5COIpRzuCEv8Mwjv0XucrI2ExNTOn9IlLifGClWQcU9BrZORvtw6Q==

csstype@^3.0.2:
  version "3.1.2"
  resolved "https://registry.yarnpkg.com/csstype/-/csstype-3.1.2.tgz#1d4bf9d572f11c14031f0436e1c10bc1f571f50b"
  integrity sha512-I7K1Uu0MBPzaFKg4nI5Q7Vs2t+3gWWW648spaF+Rg7pI9ds18Ugn+lvg4SHczUdKlHI5LWBXyqfS8+DufyBsgQ==

dayjs@^1.11.10:
  version "1.11.10"
  resolved "https://registry.yarnpkg.com/dayjs/-/dayjs-1.11.10.tgz#68acea85317a6e164457d6d6947564029a6a16a0"
  integrity sha512-vjAczensTgRcqDERK0SR2XMwsF/tSvnvlv6VcF2GIhg6Sx4yOIt/irsr1RDJsKiIyBzJDpCoXiWWq28MqH2cnQ==

detect-node-es@^1.1.0:
  version "1.1.0"
  resolved "https://registry.yarnpkg.com/detect-node-es/-/detect-node-es-1.1.0.tgz#163acdf643330caa0b4cd7c21e7ee7755d6fa493"
  integrity sha512-ypdmJU/TbBby2Dxibuv7ZLW3Bs1QEmM7nHjEANfohJLvE0XVujisn1qPJcZxg+qDucsr+bP6fLD1rPS3AhJ7EQ==

dom-helpers@^5.0.1:
  version "5.2.1"
  resolved "https://registry.yarnpkg.com/dom-helpers/-/dom-helpers-5.2.1.tgz#d9400536b2bf8225ad98fe052e029451ac40e902"
  integrity sha512-nRCa7CK3VTrM2NmGkIy4cbK7IZlgBE/PYMn55rrXefr5xXDP0LdtfPnblFDoVdcAfslJ7or6iqAUnx0CCGIWQA==
  dependencies:
    "@babel/runtime" "^7.8.7"
    csstype "^3.0.2"

embla-carousel-react@^8.0.0-rc14:
  version "8.0.0-rc14"
  resolved "https://registry.yarnpkg.com/embla-carousel-react/-/embla-carousel-react-8.0.0-rc14.tgz#ed5d9e641134fdc7e060a9188b0ccf13f7677da1"
  integrity sha512-2b9vXACEcn0qja4QyaFMfCgFbFhumV3krOCGr9+jlQiuXt5z/EyfiYYziDsm70DhTtxtg/uKEGflIqZSfWRYKg==
  dependencies:
    embla-carousel "8.0.0-rc14"
    embla-carousel-reactive-utils "8.0.0-rc14"

embla-carousel-reactive-utils@8.0.0-rc14:
  version "8.0.0-rc14"
  resolved "https://registry.yarnpkg.com/embla-carousel-reactive-utils/-/embla-carousel-reactive-utils-8.0.0-rc14.tgz#a8844b3930fb3b1423e07544b3efb125525c454a"
  integrity sha512-r153bynAo9eTBuWWggPWLYnE9xqVOYmkkeMbAuGX8pkUisJN8aTLMW9b7CYOzjURRB7z85EmYRbeBg+axQzc9g==

embla-carousel@8.0.0-rc14:
  version "8.0.0-rc14"
  resolved "https://registry.yarnpkg.com/embla-carousel/-/embla-carousel-8.0.0-rc14.tgz#039372f97b57e95c9b839c6e27b8ff2f63b23053"
  integrity sha512-/NLkMFZ7xKryRVYeUjmhbfV63Vr07saPBDwAX2TPMbcaiWwfQfU5Xsc2AiCMZANtwmzsjRK6gSBa7hOy/VXu6g==

fast-deep-equal@^3.1.3:
  version "3.1.3"
  resolved "https://registry.yarnpkg.com/fast-deep-equal/-/fast-deep-equal-3.1.3.tgz#3a7d56b559d6cbc3eb512325244e619a65c6c525"
  integrity sha512-f3qQ9oQy9j2AhBe/H9VC91wLmKBCCU/gDOnKNAYG5hswO7BLKj09Hc5HYNz9cGI++xlpDCIgDaitVs03ATR84Q==

file-selector@^0.6.0:
  version "0.6.0"
  resolved "https://registry.yarnpkg.com/file-selector/-/file-selector-0.6.0.tgz#fa0a8d9007b829504db4d07dd4de0310b65287dc"
  integrity sha512-QlZ5yJC0VxHxQQsQhXvBaC7VRJ2uaxTf+Tfpu4Z/OcVQJVpZO+DGU0rkoVW5ce2SccxugvpBJoMvUs59iILYdw==
  dependencies:
    tslib "^2.4.0"

get-nonce@^1.0.0:
  version "1.0.1"
  resolved "https://registry.yarnpkg.com/get-nonce/-/get-nonce-1.0.1.tgz#fdf3f0278073820d2ce9426c18f07481b1e0cdf3"
  integrity sha512-FJhYRoDaiatfEkUK8HKlicmu/3SGFD51q3itKDGoSTysQJBnfOcxU5GxnhE1E6soB76MbT0MBtnKJuXyAx+96Q==

highlight.js@^11.7.0:
  version "11.8.0"
  resolved "https://registry.yarnpkg.com/highlight.js/-/highlight.js-11.8.0.tgz#966518ea83257bae2e7c9a48596231856555bb65"
  integrity sha512-MedQhoqVdr0U6SSnWPzfiadUcDHfN/Wzq25AkXiQv9oiOO/sG0S7XkvpFIqWBl9Yq1UYyYOOVORs5UW2XlPyzg==

invariant@^2.2.4:
  version "2.2.4"
  resolved "https://registry.yarnpkg.com/invariant/-/invariant-2.2.4.tgz#610f3c92c9359ce1db616e538008d23ff35158e6"
  integrity sha512-phJfQVBuaJM5raOpJjSfkiD6BpbCE4Ns//LaXl6wGYtUBY83nWS6Rf9tXm2e8VaK60JEjYldbPif/A2B1C2gNA==
  dependencies:
    loose-envify "^1.0.0"

"js-tokens@^3.0.0 || ^4.0.0":
  version "4.0.0"
  resolved "https://registry.yarnpkg.com/js-tokens/-/js-tokens-4.0.0.tgz#19203fb59991df98e3a287050d4647cdeaf32499"
  integrity sha512-RdJUflcE3cUzKiMqQgsCu06FPu9UdIJO0beYbPhHN4k6apgJtifcoCtT9bcxOpYBtpD2kCM6Sbzg4CausW/PKQ==

klona@^2.0.5:
  version "2.0.6"
  resolved "https://registry.yarnpkg.com/klona/-/klona-2.0.6.tgz#85bffbf819c03b2f53270412420a4555ef882e22"
  integrity sha512-dhG34DXATL5hSxJbIexCft8FChFXtmskoZYnoPWjXQuebWYCNkVeV3KkGegCK9CP1oswI/vQibS2GY7Em/sJJA==

linkifyjs@^4.1.0:
  version "4.1.1"
  resolved "https://registry.yarnpkg.com/linkifyjs/-/linkifyjs-4.1.1.tgz#73d427e3bbaaf4ca8e71c589ad4ffda11a9a5fde"
  integrity sha512-zFN/CTVmbcVef+WaDXT63dNzzkfRBKT1j464NJQkV7iSgJU0sLBus9W0HBwnXK13/hf168pbrx/V/bjEHOXNHA==

loose-envify@^1.0.0, loose-envify@^1.4.0:
  version "1.4.0"
  resolved "https://registry.yarnpkg.com/loose-envify/-/loose-envify-1.4.0.tgz#71ee51fa7be4caec1a63839f7e682d8132d30caf"
  integrity sha512-lyuxPGr/Wfhrlem2CL/UcnUc1zcqKAImBDzukY7Y5F/yQiNdko6+fRLevlw1HgMySw7f611UIY408EtxRSoK3Q==
  dependencies:
    js-tokens "^3.0.0 || ^4.0.0"

object-assign@^4.1.1:
  version "4.1.1"
  resolved "https://registry.yarnpkg.com/object-assign/-/object-assign-4.1.1.tgz#2109adc7965887cfc05cbbd442cac8bfbb360863"
  integrity sha512-rJgTQnkUnH1sFw8yT6VSU3zD3sWmu6sZhIseY8VX+GRu3P6F7Fu+JNDoXfklElbLJSnc3FUQHVe4cU5hj+BcUg==

prop-types@^15.6.2, prop-types@^15.7.2, prop-types@^15.8.1:
  version "15.8.1"
  resolved "https://registry.yarnpkg.com/prop-types/-/prop-types-15.8.1.tgz#67d87bf1a694f48435cf332c24af10214a3140b5"
  integrity sha512-oj87CgZICdulUohogVAR7AjlC0327U4el4L6eAvOqCeudMDVU0NThNaV+b9Df4dXgSP1gXMTnPdhfe/2qDH5cg==
  dependencies:
    loose-envify "^1.4.0"
    object-assign "^4.1.1"
    react-is "^16.13.1"

react-bootstrap-icons@^1.10.2:
  version "1.10.3"
  resolved "https://registry.yarnpkg.com/react-bootstrap-icons/-/react-bootstrap-icons-1.10.3.tgz#5d64a93c7b172856b03c7d3cd5119a025b094966"
  integrity sha512-j4hSby6gT9/enhl3ybB1tfr1slZNAYXDVntcRrmVjxB3//2WwqrzpESVqKhyayYVaWpEtnwf9wgUQ03cuziwrw==
  dependencies:
    prop-types "^15.7.2"

react-chartjs-2@^5.2.0:
  version "5.2.0"
  resolved "https://registry.yarnpkg.com/react-chartjs-2/-/react-chartjs-2-5.2.0.tgz#43c1e3549071c00a1a083ecbd26c1ad34d385f5d"
  integrity sha512-98iN5aguJyVSxp5U3CblRLH67J8gkfyGNbiK3c+l1QI/G4irHMPQw44aEPmjVag+YKTyQ260NcF82GTQ3bdscA==

react-dropzone@14.2.3:
  version "14.2.3"
  resolved "https://registry.yarnpkg.com/react-dropzone/-/react-dropzone-14.2.3.tgz#0acab68308fda2d54d1273a1e626264e13d4e84b"
  integrity sha512-O3om8I+PkFKbxCukfIR3QAGftYXDZfOE2N1mr/7qebQJHs7U+/RSL/9xomJNpRg9kM5h9soQSdf0Gc7OHF5Fug==
  dependencies:
    attr-accept "^2.2.2"
    file-selector "^0.6.0"
    prop-types "^15.8.1"

react-icon@^1.0.0:
  version "1.0.0"
  resolved "https://registry.yarnpkg.com/react-icon/-/react-icon-1.0.0.tgz#6038598eb07fb3e64b3e7865d271f79f3559de0b"
  integrity sha512-VzSlpBHnLanVw79mOxyq98hWDi6DlxK9qPiZ1bAK6bLurMBCaxO/jjyYUrRx9+JGLc/NbnwOmyE/W5Qglbb2QA==

react-icons@^4.11.0:
  version "4.11.0"
  resolved "https://registry.yarnpkg.com/react-icons/-/react-icons-4.11.0.tgz#4b0e31c9bfc919608095cc429c4f1846f4d66c65"
  integrity sha512-V+4khzYcE5EBk/BvcuYRq6V/osf11ODUM2J8hg2FDSswRrGvqiYUYPRy4OdrWaQOBj4NcpJfmHZLNaD+VH0TyA==

react-is@^16.13.1:
  version "16.13.1"
  resolved "https://registry.yarnpkg.com/react-is/-/react-is-16.13.1.tgz#789729a4dc36de2999dc156dd6c1d9c18cea56a4"
  integrity sha512-24e6ynE2H+OKt4kqsOvNd8kBpV65zoxbA4BVsEOB3ARVWQki/DHzaUoC5KuON/BiccDaCCTZBuOcfZs70kR8bQ==

react-number-format@^5.2.2:
  version "5.3.1"
  resolved "https://registry.yarnpkg.com/react-number-format/-/react-number-format-5.3.1.tgz#840c257da9cb4b248990d8db46e4d23e8bac67ff"
  integrity sha512-qpYcQLauIeEhCZUZY9jXZnnroOtdy3jYaS1zQ3M1Sr6r/KMOBEIGNIb7eKT19g2N1wbYgFgvDzs19hw5TrB8XQ==
  dependencies:
    prop-types "^15.7.2"

react-remove-scroll-bar@^2.3.4:
  version "2.3.4"
  resolved "https://registry.yarnpkg.com/react-remove-scroll-bar/-/react-remove-scroll-bar-2.3.4.tgz#53e272d7a5cb8242990c7f144c44d8bd8ab5afd9"
  integrity sha512-63C4YQBUt0m6ALadE9XV56hV8BgJWDmmTPY758iIJjfQKt2nYwoUrPk0LXRXcB/yIj82T1/Ixfdpdk68LwIB0A==
  dependencies:
    react-style-singleton "^2.2.1"
    tslib "^2.0.0"

react-remove-scroll@^2.5.6:
  version "2.5.6"
  resolved "https://registry.yarnpkg.com/react-remove-scroll/-/react-remove-scroll-2.5.6.tgz#7510b8079e9c7eebe00e65a33daaa3aa29a10336"
  integrity sha512-bO856ad1uDYLefgArk559IzUNeQ6SWH4QnrevIUjH+GczV56giDfl3h0Idptf2oIKxQmd1p9BN25jleKodTALg==
  dependencies:
    react-remove-scroll-bar "^2.3.4"
    react-style-singleton "^2.2.1"
    tslib "^2.1.0"
    use-callback-ref "^1.3.0"
    use-sidecar "^1.1.2"

react-sf-building-blocks@^1.0.87:
  version "1.0.87"
  resolved "https://registry.yarnpkg.com/react-sf-building-blocks/-/react-sf-building-blocks-1.0.87.tgz#e3f9acda26d3d6579567762a3b25cdf30e5f8f34"
  integrity sha512-eOCXYQq4d5CH/pJy5K5IKwGGM71lxVc6d1fiRt/BcaGRoJm2k62ZxpluhoPo2YtGwd7IEW6Cu0xEDquW60glxQ==
  dependencies:
    react-bootstrap-icons "^1.10.2"
    react-sf-themes "^1.0.23"

react-sf-themes@^1.0.23:
  version "1.0.24"
  resolved "https://registry.yarnpkg.com/react-sf-themes/-/react-sf-themes-1.0.24.tgz#28d925ddb25a6312a29db29d88537eb406687ea6"
  integrity sha512-oVV+aw5ElRTrGp/XyyiApQp9RYDLzKp6bVqDigjdLEwD8qZc/WhCVDSOVgWopMHfA3sYYSikZ1gZSjaSIqT2ZQ==

react-style-singleton@^2.2.1:
  version "2.2.1"
  resolved "https://registry.yarnpkg.com/react-style-singleton/-/react-style-singleton-2.2.1.tgz#f99e420492b2d8f34d38308ff660b60d0b1205b4"
  integrity sha512-ZWj0fHEMyWkHzKYUr2Bs/4zU6XLmq9HsgBURm7g5pAVfyn49DgUiNgY2d4lXRlYSiCif9YBGpQleewkcqddc7g==
  dependencies:
    get-nonce "^1.0.0"
    invariant "^2.2.4"
    tslib "^2.0.0"

react-textarea-autosize@8.5.2:
  version "8.5.2"
  resolved "https://registry.yarnpkg.com/react-textarea-autosize/-/react-textarea-autosize-8.5.2.tgz#6421df2b5b50b9ca8c5e96fd31be688ea7fa2f9d"
  integrity sha512-uOkyjkEl0ByEK21eCJMHDGBAAd/BoFQBawYK5XItjAmCTeSbjxghd8qnt7nzsLYzidjnoObu6M26xts0YGKsGg==
  dependencies:
    "@babel/runtime" "^7.20.13"
    use-composed-ref "^1.3.0"
    use-latest "^1.2.1"

react-transition-group@4.4.5:
  version "4.4.5"
  resolved "https://registry.yarnpkg.com/react-transition-group/-/react-transition-group-4.4.5.tgz#e53d4e3f3344da8521489fbef8f2581d42becdd1"
  integrity sha512-pZcd1MCJoiKiBR2NRxeCRg13uCXbydPnmB4EOeRrY7480qNWO8IIgQG6zlDkm6uRMsURXPuKq0GWtiM59a5Q6g==
  dependencies:
    "@babel/runtime" "^7.5.5"
    dom-helpers "^5.0.1"
    loose-envify "^1.4.0"
    prop-types "^15.6.2"

regenerator-runtime@^0.14.0:
  version "0.14.0"
  resolved "https://registry.yarnpkg.com/regenerator-runtime/-/regenerator-runtime-0.14.0.tgz#5e19d68eb12d486f797e15a3c6a918f7cec5eb45"
  integrity sha512-srw17NI0TUWHuGa5CFGGmhfNIeja30WMBfbslPNhf6JrqQlLN5gcrvig1oqPxiVaXb0oW0XRKtH6Nngs5lKCIA==

tabbable@^6.0.1:
  version "6.2.0"
  resolved "https://registry.yarnpkg.com/tabbable/-/tabbable-6.2.0.tgz#732fb62bc0175cfcec257330be187dcfba1f3b97"
  integrity sha512-Cat63mxsVJlzYvN51JmVXIgNoUokrIaT2zLclCXjRd8boZ0004U4KCs/sToJ75C6sdlByWxpYnb5Boif1VSFew==

tippy.js@^6.3.7:
  version "6.3.7"
  resolved "https://registry.yarnpkg.com/tippy.js/-/tippy.js-6.3.7.tgz#8ccfb651d642010ed9a32ff29b0e9e19c5b8c61c"
  integrity sha512-E1d3oP2emgJ9dRQZdf3Kkn0qJgI6ZLpyS5z6ZkY1DF3kaQaBsGZsndEpHwx+eC+tYM41HaSNvNtLx8tU57FzTQ==
  dependencies:
    "@popperjs/core" "^2.9.0"

tslib@^2.0.0, tslib@^2.1.0, tslib@^2.4.0:
  version "2.6.2"
  resolved "https://registry.yarnpkg.com/tslib/-/tslib-2.6.2.tgz#703ac29425e7b37cd6fd456e92404d46d1f3e4ae"
  integrity sha512-AEYxH93jGFPn/a2iVAwW87VuUIkR1FVUKB77NwMF7nBTDkDrrT/Hpt/IrCJ0QXhW27jTBDcf5ZY7w6RiqTMw2Q==

type-fest@^3.13.1:
  version "3.13.1"
  resolved "https://registry.yarnpkg.com/type-fest/-/type-fest-3.13.1.tgz#bb744c1f0678bea7543a2d1ec24e83e68e8c8706"
  integrity sha512-tLq3bSNx+xSpwvAJnzrK0Ep5CLNWjvFTOp71URMaAEWBfRb9nnJiBoUe0tF8bI4ZFO3omgBR6NvnbzVUT3Ly4g==

typescript@^5.2.2:
  version "5.2.2"
  resolved "https://registry.yarnpkg.com/typescript/-/typescript-5.2.2.tgz#5ebb5e5a5b75f085f22bc3f8460fba308310fa78"
  integrity sha512-mI4WrpHsbCIcwT9cF4FZvr80QUeKvsUsUvKDoR+X/7XHQH98xYD8YHZg7ANtz2GtZt/CBq2QJ0thkGJMHfqc1w==

use-callback-ref@^1.3.0:
  version "1.3.0"
  resolved "https://registry.yarnpkg.com/use-callback-ref/-/use-callback-ref-1.3.0.tgz#772199899b9c9a50526fedc4993fc7fa1f7e32d5"
  integrity sha512-3FT9PRuRdbB9HfXhEq35u4oZkvpJ5kuYbpqhCfmiZyReuRgpnhDlbr2ZEnnuS0RrJAPn6l23xjFg9kpDM+Ms7w==
  dependencies:
    tslib "^2.0.0"

use-composed-ref@^1.3.0:
  version "1.3.0"
  resolved "https://registry.yarnpkg.com/use-composed-ref/-/use-composed-ref-1.3.0.tgz#3d8104db34b7b264030a9d916c5e94fbe280dbda"
  integrity sha512-GLMG0Jc/jiKov/3Ulid1wbv3r54K9HlMW29IWcDFPEqFkSO2nS0MuefWgMJpeHQ9YJeXDL3ZUF+P3jdXlZX/cQ==

use-isomorphic-layout-effect@^1.1.1:
  version "1.1.2"
  resolved "https://registry.yarnpkg.com/use-isomorphic-layout-effect/-/use-isomorphic-layout-effect-1.1.2.tgz#497cefb13d863d687b08477d9e5a164ad8c1a6fb"
  integrity sha512-49L8yCO3iGT/ZF9QttjwLF/ZD9Iwto5LnH5LmEdk/6cFmXddqi2ulF0edxTwjj+7mqvpVVGQWvbXZdn32wRSHA==

use-latest@^1.2.1:
  version "1.2.1"
  resolved "https://registry.yarnpkg.com/use-latest/-/use-latest-1.2.1.tgz#d13dfb4b08c28e3e33991546a2cee53e14038cf2"
  integrity sha512-xA+AVm/Wlg3e2P/JiItTziwS7FK92LWrDB0p+hgXloIMuVCeJJ8v6f0eeHyPZaJrM+usM1FkFfbNCrJGs8A/zw==
  dependencies:
    use-isomorphic-layout-effect "^1.1.1"

use-sidecar@^1.1.2:
  version "1.1.2"
  resolved "https://registry.yarnpkg.com/use-sidecar/-/use-sidecar-1.1.2.tgz#2f43126ba2d7d7e117aa5855e5d8f0276dfe73c2"
  integrity sha512-epTbsLuzZ7lPClpz2TyryBfztm7m+28DlEv2ZCQ3MDr5ssiwyOwGH/e5F9CkfWjJ1t4clvI58yF822/GUkjjhw==
  dependencies:
    detect-node-es "^1.1.0"
    tslib "^2.0.0"
